
Microsoft Visual Studio Solution File, Format Version 12.00
# Visual Studio Version 17
VisualStudioVersion = 17.9.34728.123
MinimumVisualStudioVersion = 10.0.40219.1
Project("{FAE04EC0-301F-11D3-BF4B-00C04F79EFBC}") = "TP5-ApiFakeStore", "TP5-ApiFakeStore\TP5-ApiFakeStore.csproj", "{8164842E-728A-4277-BB77-C8FBEB65A8FE}"
EndProject
Global
	GlobalSection(SolutionConfigurationPlatforms) = preSolution
		Debug|Any CPU = Debug|Any CPU
		Release|Any CPU = Release|Any CPU
	EndGlobalSection
	GlobalSection(ProjectConfigurationPlatforms) = postSolution
		{8164842E-728A-4277-BB77-C8FBEB65A8FE}.Debug|Any CPU.ActiveCfg = Debug|Any CPU
		{8164842E-728A-4277-BB77-C8FBEB65A8FE}.Debug|Any CPU.Build.0 = Debug|Any CPU
		{8164842E-728A-4277-BB77-C8FBEB65A8FE}.Debug|Any CPU.Deploy.0 = Debug|Any CPU
		{8164842E-728A-4277-BB77-C8FBEB65A8FE}.Release|Any CPU.ActiveCfg = Release|Any CPU
		{8164842E-728A-4277-BB77-C8FBEB65A8FE}.Release|Any CPU.Build.0 = Release|Any CPU
		{8164842E-728A-4277-BB77-C8FBEB65A8FE}.Release|Any CPU.Deploy.0 = Release|Any CPU
	EndGlobalSection
	GlobalSection(SolutionProperties) = preSolution
		HideSolutionNode = FALSE
	EndGlobalSection
	GlobalSection(ExtensibilityGlobals) = postSolution
		SolutionGuid = {A4942E80-8377-4303-8F7D-B60032151751}
	EndGlobalSection
EndGlobal
